
Microsoft Visual Studio Solution File, Format Version 12.00
# Visual Studio Version 16
VisualStudioVersion = 16.0.31424.327
MinimumVisualStudioVersion = 10.0.40219.1
Project("{FAE04EC0-301F-11D3-BF4B-00C04F79EFBC}") = "Ariel.HackerMe", "Ariel.HackerMe\Ariel.HackerMe.csproj", "{F92850C1-B0BE-4070-AA70-0EEC5A0C34CD}"
EndProject
Project("{FAE04EC0-301F-11D3-BF4B-00C04F79EFBC}") = "Ariel.HackerMe.DB", "Ariel.HackerMe.DB\Ariel.HackerMe.DB.csproj", "{52BE77DB-2A90-4786-8847-EEBBFC961A4E}"
EndProject
Global
	GlobalSection(SolutionConfigurationPlatforms) = preSolution
		Debug|Any CPU = Debug|Any CPU
		Release|Any CPU = Release|Any CPU
	EndGlobalSection
	GlobalSection(ProjectConfigurationPlatforms) = postSolution
		{F92850C1-B0BE-4070-AA70-0EEC5A0C34CD}.Debug|Any CPU.ActiveCfg = Debug|Any CPU
		{F92850C1-B0BE-4070-AA70-0EEC5A0C34CD}.Debug|Any CPU.Build.0 = Debug|Any CPU
		{F92850C1-B0BE-4070-AA70-0EEC5A0C34CD}.Release|Any CPU.ActiveCfg = Release|Any CPU
		{F92850C1-B0BE-4070-AA70-0EEC5A0C34CD}.Release|Any CPU.Build.0 = Release|Any CPU
		{52BE77DB-2A90-4786-8847-EEBBFC961A4E}.Debug|Any CPU.ActiveCfg = Debug|Any CPU
		{52BE77DB-2A90-4786-8847-EEBBFC961A4E}.Debug|Any CPU.Build.0 = Debug|Any CPU
		{52BE77DB-2A90-4786-8847-EEBBFC961A4E}.Release|Any CPU.ActiveCfg = Release|Any CPU
		{52BE77DB-2A90-4786-8847-EEBBFC961A4E}.Release|Any CPU.Build.0 = Release|Any CPU
	EndGlobalSection
	GlobalSection(SolutionProperties) = preSolution
		HideSolutionNode = FALSE
	EndGlobalSection
	GlobalSection(ExtensibilityGlobals) = postSolution
		SolutionGuid = {1D1EA28C-E273-453F-A424-AA4D4F6230DF}
	EndGlobalSection
EndGlobal
